// !$*UTF8*$!
{
	archiveVersion = 1;
	classes = {
	};
	objectVersion = 50;
	objects = {

/* Begin PBXBuildFile section */
		CCC2EFE424B088900029A117 /* AppDelegate.swift in Sources */ = {isa = PBXBuildFile; fileRef = CCC2EFE324B088900029A117 /* AppDelegate.swift */; };
		CCC2EFE624B088900029A117 /* SceneDelegate.swift in Sources */ = {isa = PBXBuildFile; fileRef = CCC2EFE524B088900029A117 /* SceneDelegate.swift */; };
		CCC2EFEB24B088900029A117 /* Main.storyboard in Resources */ = {isa = PBXBuildFile; fileRef = CCC2EFE924B088900029A117 /* Main.storyboard */; };
		CCC2EFED24B088930029A117 /* Assets.xcassets in Resources */ = {isa = PBXBuildFile; fileRef = CCC2EFEC24B088930029A117 /* Assets.xcassets */; };
		CCC2EFF024B088930029A117 /* LaunchScreen.storyboard in Resources */ = {isa = PBXBuildFile; fileRef = CCC2EFEE24B088930029A117 /* LaunchScreen.storyboard */; };
		CCC2EFF824B089030029A117 /* TaskViewController.swift in Sources */ = {isa = PBXBuildFile; fileRef = CCC2EFF724B089030029A117 /* TaskViewController.swift */; };
		CCC2EFFA24B0B8A90029A117 /* Task.swift in Sources */ = {isa = PBXBuildFile; fileRef = CCC2EFF924B0B8A90029A117 /* Task.swift */; };
		CCC2EFFC24B0BA360029A117 /* TaskStore.swift in Sources */ = {isa = PBXBuildFile; fileRef = CCC2EFFB24B0BA360029A117 /* TaskStore.swift */; };
		CCC2F00124B240350029A117 /* TaskUtility.swift in Sources */ = {isa = PBXBuildFile; fileRef = CCC2F00024B240350029A117 /* TaskUtility.swift */; };
/* End PBXBuildFile section */

/* Begin PBXFileReference section */
		CCC2EFE024B088900029A117 /* Taskify.app */ = {isa = PBXFileReference; explicitFileType = wrapper.application; includeInIndex = 0; path = Taskify.app; sourceTree = BUILT_PRODUCTS_DIR; };
		CCC2EFE324B088900029A117 /* AppDelegate.swift */ = {isa = PBXFileReference; lastKnownFileType = sourcecode.swift; path = AppDelegate.swift; sourceTree = "<group>"; };
		CCC2EFE524B088900029A117 /* SceneDelegate.swift */ = {isa = PBXFileReference; lastKnownFileType = sourcecode.swift; path = SceneDelegate.swift; sourceTree = "<group>"; };
		CCC2EFEA24B088900029A117 /* Base */ = {isa = PBXFileReference; lastKnownFileType = file.storyboard; name = Base; path = Base.lproj/Main.storyboard; sourceTree = "<group>"; };
		CCC2EFEC24B088930029A117 /* Assets.xcassets */ = {isa = PBXFileReference; lastKnownFileType = folder.assetcatalog; path = Assets.xcassets; sourceTree = "<group>"; };
		CCC2EFEF24B088930029A117 /* Base */ = {isa = PBXFileReference; lastKnownFileType = file.storyboard; name = Base; path = Base.lproj/LaunchScreen.storyboard; sourceTree = "<group>"; };
		CCC2EFF124B088930029A117 /* Info.plist */ = {isa = PBXFileReference; lastKnownFileType = text.plist.xml; path = Info.plist; sourceTree = "<group>"; };
		CCC2EFF724B089030029A117 /* TaskViewController.swift */ = {isa = PBXFileReference; lastKnownFileType = sourcecode.swift; path = TaskViewController.swift; sourceTree = "<group>"; };
		CCC2EFF924B0B8A90029A117 /* Task.swift */ = {isa = PBXFileReference; lastKnownFileType = sourcecode.swift; path = Task.swift; sourceTree = "<group>"; };
		CCC2EFFB24B0BA360029A117 /* TaskStore.swift */ = {isa = PBXFileReference; lastKnownFileType = sourcecode.swift; path = TaskStore.swift; sourceTree = "<group>"; };
		CCC2F00024B240350029A117 /* TaskUtility.swift */ = {isa = PBXFileReference; lastKnownFileType = sourcecode.swift; path = TaskUtility.swift; sourceTree = "<group>"; };
/* End PBXFileReference section */

/* Begin PBXFrameworksBuildPhase section */
		CCC2EFDD24B088900029A117 /* Frameworks */ = {
			isa = PBXFrameworksBuildPhase;
			buildActionMask = 2147483647;
			files = (
			);
			runOnlyForDeploymentPostprocessing = 0;
		};
/* End PBXFrameworksBuildPhase section */

/* Begin PBXGroup section */
		CCC2EFD724B088900029A117 = {
			isa = PBXGroup;
			children = (
				CCC2EFE224B088900029A117 /* Taskify */,
				CCC2EFE124B088900029A117 /* Products */,
			);
			sourceTree = "<group>";
		};
		CCC2EFE124B088900029A117 /* Products */ = {
			isa = PBXGroup;
			children = (
				CCC2EFE024B088900029A117 /* Taskify.app */,
			);
			name = Products;
			sourceTree = "<group>";
		};
		CCC2EFE224B088900029A117 /* Taskify */ = {
			isa = PBXGroup;
			children = (
				CCC2EFE324B088900029A117 /* AppDelegate.swift */,
				CCC2EFE524B088900029A117 /* SceneDelegate.swift */,
				CCC2EFFD24B23F720029A117 /* Models */,
				CCC2EFFF24B23F9D0029A117 /* Views */,
				CCC2EFFE24B23F7E0029A117 /* Controllers */,
				CCC2EFEC24B088930029A117 /* Assets.xcassets */,
				CCC2EFEE24B088930029A117 /* LaunchScreen.storyboard */,
				CCC2EFF124B088930029A117 /* Info.plist */,
			);
			path = Taskify;
			sourceTree = "<group>";
		};
		CCC2EFFD24B23F720029A117 /* Models */ = {
			isa = PBXGroup;
			children = (
				CCC2EFF924B0B8A90029A117 /* Task.swift */,
				CCC2EFFB24B0BA360029A117 /* TaskStore.swift */,
				CCC2F00024B240350029A117 /* TaskUtility.swift */,
			);
			path = Models;
			sourceTree = "<group>";
		};
		CCC2EFFE24B23F7E0029A117 /* Controllers */ = {
			isa = PBXGroup;
			children = (
				CCC2EFF724B089030029A117 /* TaskViewController.swift */,
			);
			path = Controllers;
			sourceTree = "<group>";
		};
		CCC2EFFF24B23F9D0029A117 /* Views */ = {
			isa = PBXGroup;
			children = (
				CCC2EFE924B088900029A117 /* Main.storyboard */,
			);
			path = Views;
			sourceTree = "<group>";
		};
/* End PBXGroup section */

/* Begin PBXNativeTarget section */
		CCC2EFDF24B088900029A117 /* Taskify */ = {
			isa = PBXNativeTarget;
			buildConfigurationList = CCC2EFF424B088930029A117 /* Build configuration list for PBXNativeTarget "Taskify" */;
			buildPhases = (
				CCC2EFDC24B088900029A117 /* Sources */,
				CCC2EFDD24B088900029A117 /* Frameworks */,
				CCC2EFDE24B088900029A117 /* Resources */,
			);
			buildRules = (
			);
			dependencies = (
			);
			name = Taskify;
			productName = Taskify;
			productReference = CCC2EFE024B088900029A117 /* Taskify.app */;
			productType = "com.apple.product-type.application";
		};
/* End PBXNativeTarget section */

/* Begin PBXProject section */
		CCC2EFD824B088900029A117 /* Project object */ = {
			isa = PBXProject;
			attributes = {
				LastSwiftUpdateCheck = 1150;
				LastUpgradeCheck = 1150;
				ORGANIZATIONNAME = "Paweł Jagła";
				TargetAttributes = {
					CCC2EFDF24B088900029A117 = {
						CreatedOnToolsVersion = 11.5;
					};
				};
			};
			buildConfigurationList = CCC2EFDB24B088900029A117 /* Build configuration list for PBXProject "Taskify" */;
			compatibilityVersion = "Xcode 9.3";
			developmentRegion = en;
			hasScannedForEncodings = 0;
			knownRegions = (
				en,
				Base,
			);
			mainGroup = CCC2EFD724B088900029A117;
			productRefGroup = CCC2EFE124B088900029A117 /* Products */;
			projectDirPath = "";
			projectRoot = "";
			targets = (
				CCC2EFDF24B088900029A117 /* Taskify */,
			);
		};
/* End PBXProject section */

/* Begin PBXResourcesBuildPhase section */
		CCC2EFDE24B088900029A117 /* Resources */ = {
			isa = PBXResourcesBuildPhase;
			buildActionMask = 2147483647;
			files = (
				CCC2EFF024B088930029A117 /* LaunchScreen.storyboard in Resources */,
				CCC2EFED24B088930029A117 /* Assets.xcassets in Resources */,
				CCC2EFEB24B088900029A117 /* Main.storyboard in Resources */,
			);
			runOnlyForDeploymentPostprocessing = 0;
		};
/* End PBXResourcesBuildPhase section */

/* Begin PBXSourcesBuildPhase section */
		CCC2EFDC24B088900029A117 /* Sources */ = {
			isa = PBXSourcesBuildPhase;
			buildActionMask = 2147483647;
			files = (
				CCC2EFFC24B0BA360029A117 /* TaskStore.swift in Sources */,
				CCC2EFFA24B0B8A90029A117 /* Task.swift in Sources */,
				CCC2EFE424B088900029A117 /* AppDelegate.swift in Sources */,
				CCC2F00124B240350029A117 /* TaskUtility.swift in Sources */,
				CCC2EFE624B088900029A117 /* SceneDelegate.swift in Sources */,
				CCC2EFF824B089030029A117 /* TaskViewController.swift in Sources */,
			);
			runOnlyForDeploymentPostprocessing = 0;
		};
/* End PBXSourcesBuildPhase section */

/* Begin PBXVariantGroup section */
		CCC2EFE924B088900029A117 /* Main.storyboard */ = {
			isa = PBXVariantGroup;
			children = (
				CCC2EFEA24B088900029A117 /* Base */,
			);
			name = Main.storyboard;
			sourceTree = "<group>";
		};
		CCC2EFEE24B088930029A117 /* LaunchScreen.storyboard */ = {
			isa = PBXVariantGroup;
			children = (
				CCC2EFEF24B088930029A117 /* Base */,
			);
			name = LaunchScreen.storyboard;
			sourceTree = "<group>";
		};
/* End PBXVariantGroup section */

/* Begin XCBuildConfiguration section */
		CCC2EFF224B088930029A117 /* Debug */ = {
			isa = XCBuildConfiguration;
			buildSettings = {
				ALWAYS_SEARCH_USER_PATHS = NO;
				CLANG_ANALYZER_NONNULL = YES;
				CLANG_ANALYZER_NUMBER_OBJECT_CONVERSION = YES_AGGRESSIVE;
				CLANG_CXX_LANGUAGE_STANDARD = "gnu++14";
				CLANG_CXX_LIBRARY = "libc++";
				CLANG_ENABLE_MODULES = YES;
				CLANG_ENABLE_OBJC_ARC = YES;
				CLANG_ENABLE_OBJC_WEAK = YES;
				CLANG_WARN_BLOCK_CAPTURE_AUTORELEASING = YES;
				CLANG_WARN_BOOL_CONVERSION = YES;
				CLANG_WARN_COMMA = YES;
				CLANG_WARN_CONSTANT_CONVERSION = YES;
				CLANG_WARN_DEPRECATED_OBJC_IMPLEMENTATIONS = YES;
				CLANG_WARN_DIRECT_OBJC_ISA_USAGE = YES_ERROR;
				CLANG_WARN_DOCUMENTATION_COMMENTS = YES;
				CLANG_WARN_EMPTY_BODY = YES;
				CLANG_WARN_ENUM_CONVERSION = YES;
				CLANG_WARN_INFINITE_RECURSION = YES;
				CLANG_WARN_INT_CONVERSION = YES;
				CLANG_WARN_NON_LITERAL_NULL_CONVERSION = YES;
				CLANG_WARN_OBJC_IMPLICIT_RETAIN_SELF = YES;
				CLANG_WARN_OBJC_LITERAL_CONVERSION = YES;
				CLANG_WARN_OBJC_ROOT_CLASS = YES_ERROR;
				CLANG_WARN_RANGE_LOOP_ANALYSIS = YES;
				CLANG_WARN_STRICT_PROTOTYPES = YES;
				CLANG_WARN_SUSPICIOUS_MOVE = YES;
				CLANG_WARN_UNGUARDED_AVAILABILITY = YES_AGGRESSIVE;
				CLANG_WARN_UNREACHABLE_CODE = YES;
				CLANG_WARN__DUPLICATE_METHOD_MATCH = YES;
				COPY_PHASE_STRIP = NO;
				DEBUG_INFORMATION_FORMAT = dwarf;
				ENABLE_STRICT_OBJC_MSGSEND = YES;
				ENABLE_TESTABILITY = YES;
				GCC_C_LANGUAGE_STANDARD = gnu11;
				GCC_DYNAMIC_NO_PIC = NO;
				GCC_NO_COMMON_BLOCKS = YES;
				GCC_OPTIMIZATION_LEVEL = 0;
				GCC_PREPROCESSOR_DEFINITIONS = (
					"DEBUG=1",
					"$(inherited)",
				);
				GCC_WARN_64_TO_32_BIT_CONVERSION = YES;
				GCC_WARN_ABOUT_RETURN_TYPE = YES_ERROR;
				GCC_WARN_UNDECLARED_SELECTOR = YES;
				GCC_WARN_UNINITIALIZED_AUTOS = YES_AGGRESSIVE;
				GCC_WARN_UNUSED_FUNCTION = YES;
				GCC_WARN_UNUSED_VARIABLE = YES;
				IPHONEOS_DEPLOYMENT_TARGET = 13.5;
				MTL_ENABLE_DEBUG_INFO = INCLUDE_SOURCE;
				MTL_FAST_MATH = YES;
				ONLY_ACTIVE_ARCH = YES;
				SDKROOT = iphoneos;
				SWIFT_ACTIVE_COMPILATION_CONDITIONS = DEBUG;
				SWIFT_OPTIMIZATION_LEVEL = "-Onone";
			};
			name = Debug;
		};
		CCC2EFF324B088930029A117 /* Release */ = {
			isa = XCBuildConfiguration;
			buildSettings = {
				ALWAYS_SEARCH_USER_PATHS = NO;
				CLANG_ANALYZER_NONNULL = YES;
				CLANG_ANALYZER_NUMBER_OBJECT_CONVERSION = YES_AGGRESSIVE;
				CLANG_CXX_LANGUAGE_STANDARD = "gnu++14";
				CLANG_CXX_LIBRARY = "libc++";
				CLANG_ENABLE_MODULES = YES;
				CLANG_ENABLE_OBJC_ARC = YES;
				CLANG_ENABLE_OBJC_WEAK = YES;
				CLANG_WARN_BLOCK_CAPTURE_AUTORELEASING = YES;
				CLANG_WARN_BOOL_CONVERSION = YES;
				CLANG_WARN_COMMA = YES;
				CLANG_WARN_CONSTANT_CONVERSION = YES;
				CLANG_WARN_DEPRECATED_OBJC_IMPLEMENTATIONS = YES;
				CLANG_WARN_DIRECT_OBJC_ISA_USAGE = YES_ERROR;
				CLANG_WARN_DOCUMENTATION_COMMENTS = YES;
				CLANG_WARN_EMPTY_BODY = YES;
				CLANG_WARN_ENUM_CONVERSION = YES;
				CLANG_WARN_INFINITE_RECURSION = YES;
				CLANG_WARN_INT_CONVERSION = YES;
				CLANG_WARN_NON_LITERAL_NULL_CONVERSION = YES;
				CLANG_WARN_OBJC_IMPLICIT_RETAIN_SELF = YES;
				CLANG_WARN_OBJC_LITERAL_CONVERSION = YES;
				CLANG_WARN_OBJC_ROOT_CLASS = YES_ERROR;
				CLANG_WARN_RANGE_LOOP_ANALYSIS = YES;
				CLANG_WARN_STRICT_PROTOTYPES = YES;
				CLANG_WARN_SUSPICIOUS_MOVE = YES;
				CLANG_WARN_UNGUARDED_AVAILABILITY = YES_AGGRESSIVE;
				CLANG_WARN_UNREACHABLE_CODE = YES;
				CLANG_WARN__DUPLICATE_METHOD_MATCH = YES;
				COPY_PHASE_STRIP = NO;
				DEBUG_INFORMATION_FORMAT = "dwarf-with-dsym";
				ENABLE_NS_ASSERTIONS = NO;
				ENABLE_STRICT_OBJC_MSGSEND = YES;
				GCC_C_LANGUAGE_STANDARD = gnu11;
				GCC_NO_COMMON_BLOCKS = YES;
				GCC_WARN_64_TO_32_BIT_CONVERSION = YES;
				GCC_WARN_ABOUT_RETURN_TYPE = YES_ERROR;
				GCC_WARN_UNDECLARED_SELECTOR = YES;
				GCC_WARN_UNINITIALIZED_AUTOS = YES_AGGRESSIVE;
				GCC_WARN_UNUSED_FUNCTION = YES;
				GCC_WARN_UNUSED_VARIABLE = YES;
				IPHONEOS_DEPLOYMENT_TARGET = 13.5;
				MTL_ENABLE_DEBUG_INFO = NO;
				MTL_FAST_MATH = YES;
				SDKROOT = iphoneos;
				SWIFT_COMPILATION_MODE = wholemodule;
				SWIFT_OPTIMIZATION_LEVEL = "-O";
				VALIDATE_PRODUCT = YES;
			};
			name = Release;
		};
		CCC2EFF524B088930029A117 /* Debug */ = {
			isa = XCBuildConfiguration;
			buildSettings = {
				ASSETCATALOG_COMPILER_APPICON_NAME = AppIcon;
				CODE_SIGN_STYLE = Automatic;
				DEVELOPMENT_TEAM = G8Z5DFHA7Y;
				INFOPLIST_FILE = Taskify/Info.plist;
				IPHONEOS_DEPLOYMENT_TARGET = 13.0;
				LD_RUNPATH_SEARCH_PATHS = (
					"$(inherited)",
					"@executable_path/Frameworks",
				);
				PRODUCT_BUNDLE_IDENTIFIER = com.pav.dev.Taskify;
				PRODUCT_NAME = "$(TARGET_NAME)";
				SWIFT_VERSION = 5.0;
				TARGETED_DEVICE_FAMILY = "1,2";
			};
			name = Debug;
		};
		CCC2EFF624B088930029A117 /* Release */ = {
			isa = XCBuildConfiguration;
			buildSettings = {
				ASSETCATALOG_COMPILER_APPICON_NAME = AppIcon;
				CODE_SIGN_STYLE = Automatic;
				DEVELOPMENT_TEAM = G8Z5DFHA7Y;
				INFOPLIST_FILE = Taskify/Info.plist;
				IPHONEOS_DEPLOYMENT_TARGET = 13.0;
				LD_RUNPATH_SEARCH_PATHS = (
					"$(inherited)",
					"@executable_path/Frameworks",
				);
				PRODUCT_BUNDLE_IDENTIFIER = com.pav.dev.Taskify;
				PRODUCT_NAME = "$(TARGET_NAME)";
				SWIFT_VERSION = 5.0;
				TARGETED_DEVICE_FAMILY = "1,2";
			};
			name = Release;
		};
/* End XCBuildConfiguration section */

/* Begin XCConfigurationList section */
		CCC2EFDB24B088900029A117 /* Build configuration list for PBXProject "Taskify" */ = {
			isa = XCConfigurationList;
			buildConfigurations = (
				CCC2EFF224B088930029A117 /* Debug */,
				CCC2EFF324B088930029A117 /* Release */,
			);
			defaultConfigurationIsVisible = 0;
			defaultConfigurationName = Release;
		};
		CCC2EFF424B088930029A117 /* Build configuration list for PBXNativeTarget "Taskify" */ = {
			isa = XCConfigurationList;
			buildConfigurations = (
				CCC2EFF524B088930029A117 /* Debug */,
				CCC2EFF624B088930029A117 /* Release */,
			);
			defaultConfigurationIsVisible = 0;
			defaultConfigurationName = Release;
		};
/* End XCConfigurationList section */
	};
	rootObject = CCC2EFD824B088900029A117 /* Project object */;
}
